
Microsoft Visual Studio Solution File, Format Version 12.00
# Visual Studio 15
VisualStudioVersion = 15.0.26730.0
MinimumVisualStudioVersion = 10.0.40219.1
Project("{F184B08F-C81C-45F6-A57F-5ABD9991F28F}") = "E2E.Forms", "E2E.Forms\E2E.Forms.vbproj", "{E569A094-BFBE-4DBC-8D68-7F34DD216E02}"
EndProject
Project("{FAE04EC0-301F-11D3-BF4B-00C04F79EFBC}") = "E2E.API", "E2E.API\E2E.API.csproj", "{7F3CF765-7150-4F3B-90BB-54D3D8B95E1F}"
EndProject
Project("{F2A71F9B-5D33-465A-A702-920D77279786}") = "E2E.Core", "E2E.Core\E2E.Core.fsproj", "{30777798-D433-4CB8-82BB-2C0654276002}"
EndProject
Global
	GlobalSection(SolutionConfigurationPlatforms) = preSolution
		Debug|Any CPU = Debug|Any CPU
		Release|Any CPU = Release|Any CPU
	EndGlobalSection
	GlobalSection(ProjectConfigurationPlatforms) = postSolution
		{E569A094-BFBE-4DBC-8D68-7F34DD216E02}.Debug|Any CPU.ActiveCfg = Debug|Any CPU
		{E569A094-BFBE-4DBC-8D68-7F34DD216E02}.Debug|Any CPU.Build.0 = Debug|Any CPU
		{E569A094-BFBE-4DBC-8D68-7F34DD216E02}.Release|Any CPU.ActiveCfg = Release|Any CPU
		{E569A094-BFBE-4DBC-8D68-7F34DD216E02}.Release|Any CPU.Build.0 = Release|Any CPU
		{7F3CF765-7150-4F3B-90BB-54D3D8B95E1F}.Debug|Any CPU.ActiveCfg = Debug|Any CPU
		{7F3CF765-7150-4F3B-90BB-54D3D8B95E1F}.Debug|Any CPU.Build.0 = Debug|Any CPU
		{7F3CF765-7150-4F3B-90BB-54D3D8B95E1F}.Release|Any CPU.ActiveCfg = Release|Any CPU
		{7F3CF765-7150-4F3B-90BB-54D3D8B95E1F}.Release|Any CPU.Build.0 = Release|Any CPU
		{30777798-D433-4CB8-82BB-2C0654276002}.Debug|Any CPU.ActiveCfg = Debug|Any CPU
		{30777798-D433-4CB8-82BB-2C0654276002}.Debug|Any CPU.Build.0 = Debug|Any CPU
		{30777798-D433-4CB8-82BB-2C0654276002}.Release|Any CPU.ActiveCfg = Release|Any CPU
		{30777798-D433-4CB8-82BB-2C0654276002}.Release|Any CPU.Build.0 = Release|Any CPU
	EndGlobalSection
	GlobalSection(SolutionProperties) = preSolution
		HideSolutionNode = FALSE
	EndGlobalSection
	GlobalSection(ExtensibilityGlobals) = postSolution
		SolutionGuid = {7BA0DDDF-3544-4949-B79D-8C16330367D8}
	EndGlobalSection
EndGlobal
